# THIS IS AN AUTOGENERATED FILE. DO NOT EDIT THIS FILE DIRECTLY.
# yarn lockfile v1


"@syncfusion/ej2-base@~18.4.44":
  version "18.4.44"
  resolved "https://registry.yarnpkg.com/@syncfusion/ej2-base/-/ej2-base-18.4.44.tgz#6b6b0718f5a0470f3fc595d516d74d67a96c5e62"
  integrity sha512-irv+We6ZxLAr8SctOB4hLP9otTq2yVT8yPfhB8ytQ2ZXWqDfddcLKfTC7NwFnMmD0mh+vAogHwpWuYbDl9yZew==
  dependencies:
    "@syncfusion/ej2-icons" "~18.4.39"

"@syncfusion/ej2-icons@~18.4.39":
  version "18.4.39"
  resolved "https://registry.yarnpkg.com/@syncfusion/ej2-icons/-/ej2-icons-18.4.39.tgz#6e180b6fd85207c767f78ee86584c444d4236775"
  integrity sha512-l/FT5H12SSV2IwWbL39nrh5NwB8BpRdHoVOpG9/H4Ezs3q7zVAPgEMq+fAn5Tp1PBhl3cWYpSct7M2tJMSG49w==

"@syncfusion/ej2-layouts@18.4.49":
  version "18.4.49"
  resolved "https://registry.yarnpkg.com/@syncfusion/ej2-layouts/-/ej2-layouts-18.4.49.tgz#ae5106ee60a41c49c3978fb19e72c720c26d769c"
  integrity sha512-wKaXa7y0OX4VHNh6eUZu/6QPit9D1te3jwpg7nYbcizADvUFyrOAK2Tn91xNlfnnJuMOPNLqm185wEcsvI3mNA==
  dependencies:
    "@syncfusion/ej2-base" "~18.4.44"

"@syncfusion/ej2-react-base@~18.4.46":
  version "18.4.46"
  resolved "https://registry.yarnpkg.com/@syncfusion/ej2-react-base/-/ej2-react-base-18.4.46.tgz#913da92bc90e190b13891061a1a746ef841d01ad"
  integrity sha512-1VBWO7YtTro8oBJjpK6/tS4BspibR8nB/97Mml13skqL8VUm7d1+/tCKQFXK32XoRfnSr+93QKeMGYKaPgm7OA==
  dependencies:
    "@syncfusion/ej2-base" "~18.4.44"
